
Microsoft Visual Studio Solution File, Format Version 12.00
# Visual Studio Version 17
VisualStudioVersion = 17.13.35818.85 d17.13
MinimumVisualStudioVersion = 10.0.40219.1
Project("{FAE04EC0-301F-11D3-BF4B-00C04F79EFBC}") = "lab8", "lab8\lab8.csproj", "{BED9ED77-B529-481F-9EE1-8BECA4A05263}"
EndProject
Global
	GlobalSection(SolutionConfigurationPlatforms) = preSolution
		Debug|Any CPU = Debug|Any CPU
		Release|Any CPU = Release|Any CPU
	EndGlobalSection
	GlobalSection(ProjectConfigurationPlatforms) = postSolution
		{BED9ED77-B529-481F-9EE1-8BECA4A05263}.Debug|Any CPU.ActiveCfg = Debug|Any CPU
		{BED9ED77-B529-481F-9EE1-8BECA4A05263}.Debug|Any CPU.Build.0 = Debug|Any CPU
		{BED9ED77-B529-481F-9EE1-8BECA4A05263}.Release|Any CPU.ActiveCfg = Release|Any CPU
		{BED9ED77-B529-481F-9EE1-8BECA4A05263}.Release|Any CPU.Build.0 = Release|Any CPU
	EndGlobalSection
	GlobalSection(SolutionProperties) = preSolution
		HideSolutionNode = FALSE
	EndGlobalSection
	GlobalSection(ExtensibilityGlobals) = postSolution
		SolutionGuid = {C179FF0E-714B-4333-8C47-0EC5DF5CE6E0}
	EndGlobalSection
EndGlobal
